// !$*UTF8*$!
{
	archiveVersion = 1;
	classes = {
	};
	objectVersion = 50;
	objects = {

/* Begin PBXBuildFile section */
		2E6EC32424E7D965003E54AE /* AppDelegate.swift in Sources */ = {isa = PBXBuildFile; fileRef = 2E6EC32324E7D965003E54AE /* AppDelegate.swift */; };
		2E6EC32624E7D965003E54AE /* SceneDelegate.swift in Sources */ = {isa = PBXBuildFile; fileRef = 2E6EC32524E7D965003E54AE /* SceneDelegate.swift */; };
		2E6EC32B24E7D965003E54AE /* Main.storyboard in Resources */ = {isa = PBXBuildFile; fileRef = 2E6EC32924E7D965003E54AE /* Main.storyboard */; };
		2E6EC32D24E7D96F003E54AE /* Assets.xcassets in Resources */ = {isa = PBXBuildFile; fileRef = 2E6EC32C24E7D96F003E54AE /* Assets.xcassets */; };
		2E6EC33024E7D96F003E54AE /* LaunchScreen.storyboard in Resources */ = {isa = PBXBuildFile; fileRef = 2E6EC32E24E7D96F003E54AE /* LaunchScreen.storyboard */; };
		2E6EC33924E7D9E0003E54AE /* ProductDetails.swift in Sources */ = {isa = PBXBuildFile; fileRef = 2E6EC33824E7D9E0003E54AE /* ProductDetails.swift */; };
		2E6EC33B24E7DF78003E54AE /* ScannerView.swift in Sources */ = {isa = PBXBuildFile; fileRef = 2E6EC33A24E7DF77003E54AE /* ScannerView.swift */; };
		2E6EC33D24E7E097003E54AE /* ScannerVC.swift in Sources */ = {isa = PBXBuildFile; fileRef = 2E6EC33C24E7E097003E54AE /* ScannerVC.swift */; };
		2E6EC33F24E7E184003E54AE /* ProductDetailsVC.swift in Sources */ = {isa = PBXBuildFile; fileRef = 2E6EC33E24E7E184003E54AE /* ProductDetailsVC.swift */; };
		2E6EC34124E7E207003E54AE /* ProductDetailsCard.swift in Sources */ = {isa = PBXBuildFile; fileRef = 2E6EC34024E7E207003E54AE /* ProductDetailsCard.swift */; };
		2E6EC34324E7E250003E54AE /* ProductDetailsCell.swift in Sources */ = {isa = PBXBuildFile; fileRef = 2E6EC34224E7E250003E54AE /* ProductDetailsCell.swift */; };
		2E6EC34724E7E6C3003E54AE /* ProductDetailsCard.xib in Resources */ = {isa = PBXBuildFile; fileRef = 2E6EC34624E7E6C3003E54AE /* ProductDetailsCard.xib */; };
		2E6EC34924E7EC5C003E54AE /* UIViewController+Alert.swift in Sources */ = {isa = PBXBuildFile; fileRef = 2E6EC34824E7EC5C003E54AE /* UIViewController+Alert.swift */; };
/* End PBXBuildFile section */

/* Begin PBXFileReference section */
		2E6EC32024E7D965003E54AE /* MishiPay-Task.app */ = {isa = PBXFileReference; explicitFileType = wrapper.application; includeInIndex = 0; path = "MishiPay-Task.app"; sourceTree = BUILT_PRODUCTS_DIR; };
		2E6EC32324E7D965003E54AE /* AppDelegate.swift */ = {isa = PBXFileReference; lastKnownFileType = sourcecode.swift; path = AppDelegate.swift; sourceTree = "<group>"; };
		2E6EC32524E7D965003E54AE /* SceneDelegate.swift */ = {isa = PBXFileReference; lastKnownFileType = sourcecode.swift; path = SceneDelegate.swift; sourceTree = "<group>"; };
		2E6EC32A24E7D965003E54AE /* Base */ = {isa = PBXFileReference; lastKnownFileType = file.storyboard; name = Base; path = Base.lproj/Main.storyboard; sourceTree = "<group>"; };
		2E6EC32C24E7D96F003E54AE /* Assets.xcassets */ = {isa = PBXFileReference; lastKnownFileType = folder.assetcatalog; path = Assets.xcassets; sourceTree = "<group>"; };
		2E6EC32F24E7D96F003E54AE /* Base */ = {isa = PBXFileReference; lastKnownFileType = file.storyboard; name = Base; path = Base.lproj/LaunchScreen.storyboard; sourceTree = "<group>"; };
		2E6EC33124E7D96F003E54AE /* Info.plist */ = {isa = PBXFileReference; lastKnownFileType = text.plist.xml; path = Info.plist; sourceTree = "<group>"; };
		2E6EC33824E7D9E0003E54AE /* ProductDetails.swift */ = {isa = PBXFileReference; lastKnownFileType = sourcecode.swift; path = ProductDetails.swift; sourceTree = "<group>"; };
		2E6EC33A24E7DF77003E54AE /* ScannerView.swift */ = {isa = PBXFileReference; lastKnownFileType = sourcecode.swift; path = ScannerView.swift; sourceTree = "<group>"; };
		2E6EC33C24E7E097003E54AE /* ScannerVC.swift */ = {isa = PBXFileReference; lastKnownFileType = sourcecode.swift; path = ScannerVC.swift; sourceTree = "<group>"; };
		2E6EC33E24E7E184003E54AE /* ProductDetailsVC.swift */ = {isa = PBXFileReference; lastKnownFileType = sourcecode.swift; path = ProductDetailsVC.swift; sourceTree = "<group>"; };
		2E6EC34024E7E207003E54AE /* ProductDetailsCard.swift */ = {isa = PBXFileReference; lastKnownFileType = sourcecode.swift; path = ProductDetailsCard.swift; sourceTree = "<group>"; };
		2E6EC34224E7E250003E54AE /* ProductDetailsCell.swift */ = {isa = PBXFileReference; lastKnownFileType = sourcecode.swift; path = ProductDetailsCell.swift; sourceTree = "<group>"; };
		2E6EC34624E7E6C3003E54AE /* ProductDetailsCard.xib */ = {isa = PBXFileReference; lastKnownFileType = file.xib; path = ProductDetailsCard.xib; sourceTree = "<group>"; };
		2E6EC34824E7EC5C003E54AE /* UIViewController+Alert.swift */ = {isa = PBXFileReference; lastKnownFileType = sourcecode.swift; path = "UIViewController+Alert.swift"; sourceTree = "<group>"; };
/* End PBXFileReference section */

/* Begin PBXFrameworksBuildPhase section */
		2E6EC31D24E7D965003E54AE /* Frameworks */ = {
			isa = PBXFrameworksBuildPhase;
			buildActionMask = 2147483647;
			files = (
			);
			runOnlyForDeploymentPostprocessing = 0;
		};
/* End PBXFrameworksBuildPhase section */

/* Begin PBXGroup section */
		2E6EC31724E7D964003E54AE = {
			isa = PBXGroup;
			children = (
				2E6EC32224E7D965003E54AE /* MishiPay-Task */,
				2E6EC32124E7D965003E54AE /* Products */,
			);
			sourceTree = "<group>";
		};
		2E6EC32124E7D965003E54AE /* Products */ = {
			isa = PBXGroup;
			children = (
				2E6EC32024E7D965003E54AE /* MishiPay-Task.app */,
			);
			name = Products;
			sourceTree = "<group>";
		};
		2E6EC32224E7D965003E54AE /* MishiPay-Task */ = {
			isa = PBXGroup;
			children = (
				2E6EC33724E7D9B5003E54AE /* DataModel */,
				2E6EC32324E7D965003E54AE /* AppDelegate.swift */,
				2E6EC32524E7D965003E54AE /* SceneDelegate.swift */,
				2E6EC34424E7E58C003E54AE /* View */,
				2E6EC34524E7E5E2003E54AE /* Viewcontroller */,
				2E6EC32C24E7D96F003E54AE /* Assets.xcassets */,
				2E6EC32E24E7D96F003E54AE /* LaunchScreen.storyboard */,
				2E6EC33124E7D96F003E54AE /* Info.plist */,
				2E6EC34A24E7EC62003E54AE /* Extensions */,
			);
			path = "MishiPay-Task";
			sourceTree = "<group>";
		};
		2E6EC33724E7D9B5003E54AE /* DataModel */ = {
			isa = PBXGroup;
			children = (
				2E6EC33824E7D9E0003E54AE /* ProductDetails.swift */,
			);
			path = DataModel;
			sourceTree = "<group>";
		};
		2E6EC34424E7E58C003E54AE /* View */ = {
			isa = PBXGroup;
			children = (
				2E6EC32924E7D965003E54AE /* Main.storyboard */,
				2E6EC33A24E7DF77003E54AE /* ScannerView.swift */,
				2E6EC34024E7E207003E54AE /* ProductDetailsCard.swift */,
				2E6EC34624E7E6C3003E54AE /* ProductDetailsCard.xib */,
				2E6EC34224E7E250003E54AE /* ProductDetailsCell.swift */,
			);
			path = View;
			sourceTree = "<group>";
		};
		2E6EC34524E7E5E2003E54AE /* Viewcontroller */ = {
			isa = PBXGroup;
			children = (
				2E6EC33C24E7E097003E54AE /* ScannerVC.swift */,
				2E6EC33E24E7E184003E54AE /* ProductDetailsVC.swift */,
			);
			path = Viewcontroller;
			sourceTree = "<group>";
		};
		2E6EC34A24E7EC62003E54AE /* Extensions */ = {
			isa = PBXGroup;
			children = (
				2E6EC34824E7EC5C003E54AE /* UIViewController+Alert.swift */,
			);
			path = Extensions;
			sourceTree = "<group>";
		};
/* End PBXGroup section */

/* Begin PBXNativeTarget section */
		2E6EC31F24E7D965003E54AE /* MishiPay-Task */ = {
			isa = PBXNativeTarget;
			buildConfigurationList = 2E6EC33424E7D96F003E54AE /* Build configuration list for PBXNativeTarget "MishiPay-Task" */;
			buildPhases = (
				2E6EC31C24E7D965003E54AE /* Sources */,
				2E6EC31D24E7D965003E54AE /* Frameworks */,
				2E6EC31E24E7D965003E54AE /* Resources */,
			);
			buildRules = (
			);
			dependencies = (
			);
			name = "MishiPay-Task";
			productName = "MishiPay-Task";
			productReference = 2E6EC32024E7D965003E54AE /* MishiPay-Task.app */;
			productType = "com.apple.product-type.application";
		};
/* End PBXNativeTarget section */

/* Begin PBXProject section */
		2E6EC31824E7D964003E54AE /* Project object */ = {
			isa = PBXProject;
			attributes = {
				LastSwiftUpdateCheck = 1140;
				LastUpgradeCheck = 1140;
				ORGANIZATIONNAME = "Rajaram Mohanty";
				TargetAttributes = {
					2E6EC31F24E7D965003E54AE = {
						CreatedOnToolsVersion = 11.4;
					};
				};
			};
			buildConfigurationList = 2E6EC31B24E7D964003E54AE /* Build configuration list for PBXProject "MishiPay-Task" */;
			compatibilityVersion = "Xcode 9.3";
			developmentRegion = en;
			hasScannedForEncodings = 0;
			knownRegions = (
				en,
				Base,
			);
			mainGroup = 2E6EC31724E7D964003E54AE;
			productRefGroup = 2E6EC32124E7D965003E54AE /* Products */;
			projectDirPath = "";
			projectRoot = "";
			targets = (
				2E6EC31F24E7D965003E54AE /* MishiPay-Task */,
			);
		};
/* End PBXProject section */

/* Begin PBXResourcesBuildPhase section */
		2E6EC31E24E7D965003E54AE /* Resources */ = {
			isa = PBXResourcesBuildPhase;
			buildActionMask = 2147483647;
			files = (
				2E6EC34724E7E6C3003E54AE /* ProductDetailsCard.xib in Resources */,
				2E6EC33024E7D96F003E54AE /* LaunchScreen.storyboard in Resources */,
				2E6EC32D24E7D96F003E54AE /* Assets.xcassets in Resources */,
				2E6EC32B24E7D965003E54AE /* Main.storyboard in Resources */,
			);
			runOnlyForDeploymentPostprocessing = 0;
		};
/* End PBXResourcesBuildPhase section */

/* Begin PBXSourcesBuildPhase section */
		2E6EC31C24E7D965003E54AE /* Sources */ = {
			isa = PBXSourcesBuildPhase;
			buildActionMask = 2147483647;
			files = (
				2E6EC34924E7EC5C003E54AE /* UIViewController+Alert.swift in Sources */,
				2E6EC32424E7D965003E54AE /* AppDelegate.swift in Sources */,
				2E6EC33924E7D9E0003E54AE /* ProductDetails.swift in Sources */,
				2E6EC33D24E7E097003E54AE /* ScannerVC.swift in Sources */,
				2E6EC34324E7E250003E54AE /* ProductDetailsCell.swift in Sources */,
				2E6EC34124E7E207003E54AE /* ProductDetailsCard.swift in Sources */,
				2E6EC32624E7D965003E54AE /* SceneDelegate.swift in Sources */,
				2E6EC33B24E7DF78003E54AE /* ScannerView.swift in Sources */,
				2E6EC33F24E7E184003E54AE /* ProductDetailsVC.swift in Sources */,
			);
			runOnlyForDeploymentPostprocessing = 0;
		};
/* End PBXSourcesBuildPhase section */

/* Begin PBXVariantGroup section */
		2E6EC32924E7D965003E54AE /* Main.storyboard */ = {
			isa = PBXVariantGroup;
			children = (
				2E6EC32A24E7D965003E54AE /* Base */,
			);
			name = Main.storyboard;
			sourceTree = "<group>";
		};
		2E6EC32E24E7D96F003E54AE /* LaunchScreen.storyboard */ = {
			isa = PBXVariantGroup;
			children = (
				2E6EC32F24E7D96F003E54AE /* Base */,
			);
			name = LaunchScreen.storyboard;
			sourceTree = "<group>";
		};
/* End PBXVariantGroup section */

/* Begin XCBuildConfiguration section */
		2E6EC33224E7D96F003E54AE /* Debug */ = {
			isa = XCBuildConfiguration;
			buildSettings = {
				ALWAYS_SEARCH_USER_PATHS = NO;
				CLANG_ANALYZER_NONNULL = YES;
				CLANG_ANALYZER_NUMBER_OBJECT_CONVERSION = YES_AGGRESSIVE;
				CLANG_CXX_LANGUAGE_STANDARD = "gnu++14";
				CLANG_CXX_LIBRARY = "libc++";
				CLANG_ENABLE_MODULES = YES;
				CLANG_ENABLE_OBJC_ARC = YES;
				CLANG_ENABLE_OBJC_WEAK = YES;
				CLANG_WARN_BLOCK_CAPTURE_AUTORELEASING = YES;
				CLANG_WARN_BOOL_CONVERSION = YES;
				CLANG_WARN_COMMA = YES;
				CLANG_WARN_CONSTANT_CONVERSION = YES;
				CLANG_WARN_DEPRECATED_OBJC_IMPLEMENTATIONS = YES;
				CLANG_WARN_DIRECT_OBJC_ISA_USAGE = YES_ERROR;
				CLANG_WARN_DOCUMENTATION_COMMENTS = YES;
				CLANG_WARN_EMPTY_BODY = YES;
				CLANG_WARN_ENUM_CONVERSION = YES;
				CLANG_WARN_INFINITE_RECURSION = YES;
				CLANG_WARN_INT_CONVERSION = YES;
				CLANG_WARN_NON_LITERAL_NULL_CONVERSION = YES;
				CLANG_WARN_OBJC_IMPLICIT_RETAIN_SELF = YES;
				CLANG_WARN_OBJC_LITERAL_CONVERSION = YES;
				CLANG_WARN_OBJC_ROOT_CLASS = YES_ERROR;
				CLANG_WARN_RANGE_LOOP_ANALYSIS = YES;
				CLANG_WARN_STRICT_PROTOTYPES = YES;
				CLANG_WARN_SUSPICIOUS_MOVE = YES;
				CLANG_WARN_UNGUARDED_AVAILABILITY = YES_AGGRESSIVE;
				CLANG_WARN_UNREACHABLE_CODE = YES;
				CLANG_WARN__DUPLICATE_METHOD_MATCH = YES;
				COPY_PHASE_STRIP = NO;
				DEBUG_INFORMATION_FORMAT = dwarf;
				ENABLE_STRICT_OBJC_MSGSEND = YES;
				ENABLE_TESTABILITY = YES;
				GCC_C_LANGUAGE_STANDARD = gnu11;
				GCC_DYNAMIC_NO_PIC = NO;
				GCC_NO_COMMON_BLOCKS = YES;
				GCC_OPTIMIZATION_LEVEL = 0;
				GCC_PREPROCESSOR_DEFINITIONS = (
					"DEBUG=1",
					"$(inherited)",
				);
				GCC_WARN_64_TO_32_BIT_CONVERSION = YES;
				GCC_WARN_ABOUT_RETURN_TYPE = YES_ERROR;
				GCC_WARN_UNDECLARED_SELECTOR = YES;
				GCC_WARN_UNINITIALIZED_AUTOS = YES_AGGRESSIVE;
				GCC_WARN_UNUSED_FUNCTION = YES;
				GCC_WARN_UNUSED_VARIABLE = YES;
				IPHONEOS_DEPLOYMENT_TARGET = 13.4;
				MTL_ENABLE_DEBUG_INFO = INCLUDE_SOURCE;
				MTL_FAST_MATH = YES;
				ONLY_ACTIVE_ARCH = YES;
				SDKROOT = iphoneos;
				SWIFT_ACTIVE_COMPILATION_CONDITIONS = DEBUG;
				SWIFT_OPTIMIZATION_LEVEL = "-Onone";
			};
			name = Debug;
		};
		2E6EC33324E7D96F003E54AE /* Release */ = {
			isa = XCBuildConfiguration;
			buildSettings = {
				ALWAYS_SEARCH_USER_PATHS = NO;
				CLANG_ANALYZER_NONNULL = YES;
				CLANG_ANALYZER_NUMBER_OBJECT_CONVERSION = YES_AGGRESSIVE;
				CLANG_CXX_LANGUAGE_STANDARD = "gnu++14";
				CLANG_CXX_LIBRARY = "libc++";
				CLANG_ENABLE_MODULES = YES;
				CLANG_ENABLE_OBJC_ARC = YES;
				CLANG_ENABLE_OBJC_WEAK = YES;
				CLANG_WARN_BLOCK_CAPTURE_AUTORELEASING = YES;
				CLANG_WARN_BOOL_CONVERSION = YES;
				CLANG_WARN_COMMA = YES;
				CLANG_WARN_CONSTANT_CONVERSION = YES;
				CLANG_WARN_DEPRECATED_OBJC_IMPLEMENTATIONS = YES;
				CLANG_WARN_DIRECT_OBJC_ISA_USAGE = YES_ERROR;
				CLANG_WARN_DOCUMENTATION_COMMENTS = YES;
				CLANG_WARN_EMPTY_BODY = YES;
				CLANG_WARN_ENUM_CONVERSION = YES;
				CLANG_WARN_INFINITE_RECURSION = YES;
				CLANG_WARN_INT_CONVERSION = YES;
				CLANG_WARN_NON_LITERAL_NULL_CONVERSION = YES;
				CLANG_WARN_OBJC_IMPLICIT_RETAIN_SELF = YES;
				CLANG_WARN_OBJC_LITERAL_CONVERSION = YES;
				CLANG_WARN_OBJC_ROOT_CLASS = YES_ERROR;
				CLANG_WARN_RANGE_LOOP_ANALYSIS = YES;
				CLANG_WARN_STRICT_PROTOTYPES = YES;
				CLANG_WARN_SUSPICIOUS_MOVE = YES;
				CLANG_WARN_UNGUARDED_AVAILABILITY = YES_AGGRESSIVE;
				CLANG_WARN_UNREACHABLE_CODE = YES;
				CLANG_WARN__DUPLICATE_METHOD_MATCH = YES;
				COPY_PHASE_STRIP = NO;
				DEBUG_INFORMATION_FORMAT = "dwarf-with-dsym";
				ENABLE_NS_ASSERTIONS = NO;
				ENABLE_STRICT_OBJC_MSGSEND = YES;
				GCC_C_LANGUAGE_STANDARD = gnu11;
				GCC_NO_COMMON_BLOCKS = YES;
				GCC_WARN_64_TO_32_BIT_CONVERSION = YES;
				GCC_WARN_ABOUT_RETURN_TYPE = YES_ERROR;
				GCC_WARN_UNDECLARED_SELECTOR = YES;
				GCC_WARN_UNINITIALIZED_AUTOS = YES_AGGRESSIVE;
				GCC_WARN_UNUSED_FUNCTION = YES;
				GCC_WARN_UNUSED_VARIABLE = YES;
				IPHONEOS_DEPLOYMENT_TARGET = 13.4;
				MTL_ENABLE_DEBUG_INFO = NO;
				MTL_FAST_MATH = YES;
				SDKROOT = iphoneos;
				SWIFT_COMPILATION_MODE = wholemodule;
				SWIFT_OPTIMIZATION_LEVEL = "-O";
				VALIDATE_PRODUCT = YES;
			};
			name = Release;
		};
		2E6EC33524E7D96F003E54AE /* Debug */ = {
			isa = XCBuildConfiguration;
			buildSettings = {
				ASSETCATALOG_COMPILER_APPICON_NAME = AppIcon;
				CODE_SIGN_STYLE = Automatic;
				DEVELOPMENT_TEAM = GMQLY5WRKS;
				INFOPLIST_FILE = "MishiPay-Task/Info.plist";
				IPHONEOS_DEPLOYMENT_TARGET = 13.0;
				LD_RUNPATH_SEARCH_PATHS = (
					"$(inherited)",
					"@executable_path/Frameworks",
				);
				PRODUCT_BUNDLE_IDENTIFIER = "com.rajaram.MishiPay-Task";
				PRODUCT_NAME = "$(TARGET_NAME)";
				SWIFT_VERSION = 5.0;
				TARGETED_DEVICE_FAMILY = "1,2";
			};
			name = Debug;
		};
		2E6EC33624E7D96F003E54AE /* Release */ = {
			isa = XCBuildConfiguration;
			buildSettings = {
				ASSETCATALOG_COMPILER_APPICON_NAME = AppIcon;
				CODE_SIGN_STYLE = Automatic;
				DEVELOPMENT_TEAM = GMQLY5WRKS;
				INFOPLIST_FILE = "MishiPay-Task/Info.plist";
				IPHONEOS_DEPLOYMENT_TARGET = 13.0;
				LD_RUNPATH_SEARCH_PATHS = (
					"$(inherited)",
					"@executable_path/Frameworks",
				);
				PRODUCT_BUNDLE_IDENTIFIER = "com.rajaram.MishiPay-Task";
				PRODUCT_NAME = "$(TARGET_NAME)";
				SWIFT_VERSION = 5.0;
				TARGETED_DEVICE_FAMILY = "1,2";
			};
			name = Release;
		};
/* End XCBuildConfiguration section */

/* Begin XCConfigurationList section */
		2E6EC31B24E7D964003E54AE /* Build configuration list for PBXProject "MishiPay-Task" */ = {
			isa = XCConfigurationList;
			buildConfigurations = (
				2E6EC33224E7D96F003E54AE /* Debug */,
				2E6EC33324E7D96F003E54AE /* Release */,
			);
			defaultConfigurationIsVisible = 0;
			defaultConfigurationName = Release;
		};
		2E6EC33424E7D96F003E54AE /* Build configuration list for PBXNativeTarget "MishiPay-Task" */ = {
			isa = XCConfigurationList;
			buildConfigurations = (
				2E6EC33524E7D96F003E54AE /* Debug */,
				2E6EC33624E7D96F003E54AE /* Release */,
			);
			defaultConfigurationIsVisible = 0;
			defaultConfigurationName = Release;
		};
/* End XCConfigurationList section */
	};
	rootObject = 2E6EC31824E7D964003E54AE /* Project object */;
}
